
Microsoft Visual Studio Solution File, Format Version 12.00
# Visual Studio Version 16
VisualStudioVersion = 16.0.29509.3
MinimumVisualStudioVersion = 10.0.40219.1
Project("{8BC9CEB8-8B4A-11D0-8D11-00A0C91BC942}") = "ChainedHashTable", "ChainedHashTable.vcxproj", "{703ADD0D-8435-4670-9E86-63D0A2FEBB9C}"
EndProject
Global
	GlobalSection(SolutionConfigurationPlatforms) = preSolution
		Debug|x64 = Debug|x64
		Debug|x86 = Debug|x86
		Release|x64 = Release|x64
		Release|x86 = Release|x86
	EndGlobalSection
	GlobalSection(ProjectConfigurationPlatforms) = postSolution
		{703ADD0D-8435-4670-9E86-63D0A2FEBB9C}.Debug|x64.ActiveCfg = Debug|x64
		{703ADD0D-8435-4670-9E86-63D0A2FEBB9C}.Debug|x64.Build.0 = Debug|x64
		{703ADD0D-8435-4670-9E86-63D0A2FEBB9C}.Debug|x86.ActiveCfg = Debug|Win32
		{703ADD0D-8435-4670-9E86-63D0A2FEBB9C}.Debug|x86.Build.0 = Debug|Win32
		{703ADD0D-8435-4670-9E86-63D0A2FEBB9C}.Release|x64.ActiveCfg = Release|x64
		{703ADD0D-8435-4670-9E86-63D0A2FEBB9C}.Release|x64.Build.0 = Release|x64
		{703ADD0D-8435-4670-9E86-63D0A2FEBB9C}.Release|x86.ActiveCfg = Release|Win32
		{703ADD0D-8435-4670-9E86-63D0A2FEBB9C}.Release|x86.Build.0 = Release|Win32
	EndGlobalSection
	GlobalSection(SolutionProperties) = preSolution
		HideSolutionNode = FALSE
	EndGlobalSection
	GlobalSection(ExtensibilityGlobals) = postSolution
		SolutionGuid = {2D0D2AAF-DB2B-4184-B79E-372FBE4C5EBD}
	EndGlobalSection
EndGlobal
